
Microsoft Visual Studio Solution File, Format Version 12.00
# Visual Studio Version 17
VisualStudioVersion = 17.0.31919.166
MinimumVisualStudioVersion = 10.0.40219.1
Project("{FAE04EC0-301F-11D3-BF4B-00C04F79EFBC}") = "API", "API\API.csproj", "{2BC49581-A3B7-4580-869C-D5384779574E}"
EndProject
Project("{FAE04EC0-301F-11D3-BF4B-00C04F79EFBC}") = "Data", "Data\Data.csproj", "{43F80E97-F759-4734-B00D-5F2FFF99765B}"
EndProject
Project("{FAE04EC0-301F-11D3-BF4B-00C04F79EFBC}") = "Core", "Core\Core.csproj", "{14CD1A6B-F4CA-4647-83C4-BB2BD7390A76}"
EndProject
Global
	GlobalSection(SolutionConfigurationPlatforms) = preSolution
		Debug|Any CPU = Debug|Any CPU
		Release|Any CPU = Release|Any CPU
	EndGlobalSection
	GlobalSection(ProjectConfigurationPlatforms) = postSolution
		{2BC49581-A3B7-4580-869C-D5384779574E}.Debug|Any CPU.ActiveCfg = Debug|Any CPU
		{2BC49581-A3B7-4580-869C-D5384779574E}.Debug|Any CPU.Build.0 = Debug|Any CPU
		{2BC49581-A3B7-4580-869C-D5384779574E}.Release|Any CPU.ActiveCfg = Release|Any CPU
		{2BC49581-A3B7-4580-869C-D5384779574E}.Release|Any CPU.Build.0 = Release|Any CPU
		{43F80E97-F759-4734-B00D-5F2FFF99765B}.Debug|Any CPU.ActiveCfg = Debug|Any CPU
		{43F80E97-F759-4734-B00D-5F2FFF99765B}.Debug|Any CPU.Build.0 = Debug|Any CPU
		{43F80E97-F759-4734-B00D-5F2FFF99765B}.Release|Any CPU.ActiveCfg = Release|Any CPU
		{43F80E97-F759-4734-B00D-5F2FFF99765B}.Release|Any CPU.Build.0 = Release|Any CPU
		{14CD1A6B-F4CA-4647-83C4-BB2BD7390A76}.Debug|Any CPU.ActiveCfg = Debug|Any CPU
		{14CD1A6B-F4CA-4647-83C4-BB2BD7390A76}.Debug|Any CPU.Build.0 = Debug|Any CPU
		{14CD1A6B-F4CA-4647-83C4-BB2BD7390A76}.Release|Any CPU.ActiveCfg = Release|Any CPU
		{14CD1A6B-F4CA-4647-83C4-BB2BD7390A76}.Release|Any CPU.Build.0 = Release|Any CPU
	EndGlobalSection
	GlobalSection(SolutionProperties) = preSolution
		HideSolutionNode = FALSE
	EndGlobalSection
	GlobalSection(ExtensibilityGlobals) = postSolution
		SolutionGuid = {3B089DBC-4302-43AD-878A-A4AD8E4F067F}
	EndGlobalSection
EndGlobal
